{
  "name": "tf-connected",
  "version": "1.6.0",
  "lockfileVersion": 1,
  "requires": true,
  "dependencies": {
    "commander": {
      "version": "2.12.2",
      "resolved": "https://registry.npmjs.org/commander/-/commander-2.12.2.tgz",
      "integrity": "sha512-BFnaq5ZOGcDN7FlrtBT4xxkgIToalIIxwjxLWVJ8bGTpe1LroqMiqQXdA7ygc7CRvaYS+9zfPGFnJqFSayx+AA=="
    },
    "tinkerforge": {
      "version": "2.0.16",
      "resolved": "https://registry.npmjs.org/tinkerforge/-/tinkerforge-2.0.16.tgz",
      "integrity": "sha1-N5vjKb5CgjH6gkktdREJqCoz4OI="
    }
  }
}
